{
  "originHash" : "31b984f0bf408e77974ff65631cfec91629244a9f6ab6dc674627813ca9c3259",
  "pins" : [
    {
      "identity" : "elementary",
      "kind" : "remoteSourceControl",
      "location" : "https://github.com/elementary-swift/elementary",
      "state" : {
        "revision" : "01aed0062a60d231240c7545d7044f1488c3c665",
        "version" : "0.6.0"
      }
    }
  ],
  "version" : 3
}
